
Microsoft Visual Studio Solution File, Format Version 12.00
# Visual Studio Version 16
VisualStudioVersion = 16.0.29326.143
MinimumVisualStudioVersion = 10.0.40219.1
Project("{FAE04EC0-301F-11D3-BF4B-00C04F79EFBC}") = "UrlShortenerApp", "UrlShortenerApp\UrlShortenerApp.csproj", "{2493A207-5E90-4FCC-A970-3D20887A3CAA}"
EndProject
Project("{FAE04EC0-301F-11D3-BF4B-00C04F79EFBC}") = "UrlShortenerDAL", "UrlShortenerDAL\UrlShortenerDAL.csproj", "{4C118A10-1BE7-4416-9DBE-5ADCAF4F2E1A}"
EndProject
Global
	GlobalSection(SolutionConfigurationPlatforms) = preSolution
		Debug|Any CPU = Debug|Any CPU
		Release|Any CPU = Release|Any CPU
	EndGlobalSection
	GlobalSection(ProjectConfigurationPlatforms) = postSolution
		{2493A207-5E90-4FCC-A970-3D20887A3CAA}.Debug|Any CPU.ActiveCfg = Debug|Any CPU
		{2493A207-5E90-4FCC-A970-3D20887A3CAA}.Debug|Any CPU.Build.0 = Debug|Any CPU
		{2493A207-5E90-4FCC-A970-3D20887A3CAA}.Release|Any CPU.ActiveCfg = Release|Any CPU
		{2493A207-5E90-4FCC-A970-3D20887A3CAA}.Release|Any CPU.Build.0 = Release|Any CPU
		{4C118A10-1BE7-4416-9DBE-5ADCAF4F2E1A}.Debug|Any CPU.ActiveCfg = Debug|Any CPU
		{4C118A10-1BE7-4416-9DBE-5ADCAF4F2E1A}.Debug|Any CPU.Build.0 = Debug|Any CPU
		{4C118A10-1BE7-4416-9DBE-5ADCAF4F2E1A}.Release|Any CPU.ActiveCfg = Release|Any CPU
		{4C118A10-1BE7-4416-9DBE-5ADCAF4F2E1A}.Release|Any CPU.Build.0 = Release|Any CPU
	EndGlobalSection
	GlobalSection(SolutionProperties) = preSolution
		HideSolutionNode = FALSE
	EndGlobalSection
	GlobalSection(ExtensibilityGlobals) = postSolution
		SolutionGuid = {42C81B5B-6095-4505-9878-AB7597C51074}
	EndGlobalSection
EndGlobal
